
Microsoft Visual Studio Solution File, Format Version 12.00
# Visual Studio Version 17
VisualStudioVersion = 17.8.34525.116
MinimumVisualStudioVersion = 10.0.40219.1
Project("{FAE04EC0-301F-11D3-BF4B-00C04F79EFBC}") = "TDDTicketBookingPractice", "TDDTicketBookingPractice\TDDTicketBookingPractice.csproj", "{BE85631D-5805-4CE3-B41A-880606759150}"
EndProject
Project("{FAE04EC0-301F-11D3-BF4B-00C04F79EFBC}") = "TicketBookingCore", "TicketBookingCore\TicketBookingCore.csproj", "{C778FCFF-1EA4-4276-80FE-11F50D364FD0}"
EndProject
Global
	GlobalSection(SolutionConfigurationPlatforms) = preSolution
		Debug|Any CPU = Debug|Any CPU
		Release|Any CPU = Release|Any CPU
	EndGlobalSection
	GlobalSection(ProjectConfigurationPlatforms) = postSolution
		{BE85631D-5805-4CE3-B41A-880606759150}.Debug|Any CPU.ActiveCfg = Debug|Any CPU
		{BE85631D-5805-4CE3-B41A-880606759150}.Debug|Any CPU.Build.0 = Debug|Any CPU
		{BE85631D-5805-4CE3-B41A-880606759150}.Release|Any CPU.ActiveCfg = Release|Any CPU
		{BE85631D-5805-4CE3-B41A-880606759150}.Release|Any CPU.Build.0 = Release|Any CPU
		{C778FCFF-1EA4-4276-80FE-11F50D364FD0}.Debug|Any CPU.ActiveCfg = Debug|Any CPU
		{C778FCFF-1EA4-4276-80FE-11F50D364FD0}.Debug|Any CPU.Build.0 = Debug|Any CPU
		{C778FCFF-1EA4-4276-80FE-11F50D364FD0}.Release|Any CPU.ActiveCfg = Release|Any CPU
		{C778FCFF-1EA4-4276-80FE-11F50D364FD0}.Release|Any CPU.Build.0 = Release|Any CPU
	EndGlobalSection
	GlobalSection(SolutionProperties) = preSolution
		HideSolutionNode = FALSE
	EndGlobalSection
	GlobalSection(ExtensibilityGlobals) = postSolution
		SolutionGuid = {8BBD1DC5-6EC8-4F5F-B4E0-D2B11047A428}
	EndGlobalSection
EndGlobal
