
Microsoft Visual Studio Solution File, Format Version 12.00
# Visual Studio Version 17
VisualStudioVersion = 17.9.34616.47
MinimumVisualStudioVersion = 10.0.40219.1
Project("{9A19103F-16F7-4668-BE54-9A1E7A4F7556}") = "VehicleDataManagerLibrary", "VehicleDataManagerLibrary\VehicleDataManagerLibrary.csproj", "{0D73967C-2CFA-4ACF-A525-D8678055A82D}"
EndProject
Project("{FAE04EC0-301F-11D3-BF4B-00C04F79EFBC}") = "IntroToVisualStudioDebugging", "IntroToVisualStudioDebugging\IntroToVisualStudioDebugging.csproj", "{0EF4FA99-8BFB-4CE5-89A0-3AABB8F467CE}"
EndProject
Global
	GlobalSection(SolutionConfigurationPlatforms) = preSolution
		Debug|Any CPU = Debug|Any CPU
		Release|Any CPU = Release|Any CPU
	EndGlobalSection
	GlobalSection(ProjectConfigurationPlatforms) = postSolution
		{0D73967C-2CFA-4ACF-A525-D8678055A82D}.Debug|Any CPU.ActiveCfg = Debug|Any CPU
		{0D73967C-2CFA-4ACF-A525-D8678055A82D}.Debug|Any CPU.Build.0 = Debug|Any CPU
		{0D73967C-2CFA-4ACF-A525-D8678055A82D}.Release|Any CPU.ActiveCfg = Release|Any CPU
		{0D73967C-2CFA-4ACF-A525-D8678055A82D}.Release|Any CPU.Build.0 = Release|Any CPU
		{0EF4FA99-8BFB-4CE5-89A0-3AABB8F467CE}.Debug|Any CPU.ActiveCfg = Debug|Any CPU
		{0EF4FA99-8BFB-4CE5-89A0-3AABB8F467CE}.Debug|Any CPU.Build.0 = Debug|Any CPU
		{0EF4FA99-8BFB-4CE5-89A0-3AABB8F467CE}.Release|Any CPU.ActiveCfg = Release|Any CPU
		{0EF4FA99-8BFB-4CE5-89A0-3AABB8F467CE}.Release|Any CPU.Build.0 = Release|Any CPU
	EndGlobalSection
	GlobalSection(SolutionProperties) = preSolution
		HideSolutionNode = FALSE
	EndGlobalSection
	GlobalSection(ExtensibilityGlobals) = postSolution
		SolutionGuid = {7E0149BB-6286-458C-8F3B-B211174A0D99}
	EndGlobalSection
EndGlobal
