
Microsoft Visual Studio Solution File, Format Version 12.00
# Visual Studio Version 17
VisualStudioVersion = 17.8.34525.116
MinimumVisualStudioVersion = 10.0.40219.1
Project("{FAE04EC0-301F-11D3-BF4B-00C04F79EFBC}") = "Gitdemo", "Gitdemo\Gitdemo.csproj", "{0CC1F6D6-9264-4BE6-9AAC-10D786947FAB}"
EndProject
Global
	GlobalSection(SolutionConfigurationPlatforms) = preSolution
		Debug|Any CPU = Debug|Any CPU
		Release|Any CPU = Release|Any CPU
	EndGlobalSection
	GlobalSection(ProjectConfigurationPlatforms) = postSolution
		{0CC1F6D6-9264-4BE6-9AAC-10D786947FAB}.Debug|Any CPU.ActiveCfg = Debug|Any CPU
		{0CC1F6D6-9264-4BE6-9AAC-10D786947FAB}.Debug|Any CPU.Build.0 = Debug|Any CPU
		{0CC1F6D6-9264-4BE6-9AAC-10D786947FAB}.Release|Any CPU.ActiveCfg = Release|Any CPU
		{0CC1F6D6-9264-4BE6-9AAC-10D786947FAB}.Release|Any CPU.Build.0 = Release|Any CPU
	EndGlobalSection
	GlobalSection(SolutionProperties) = preSolution
		HideSolutionNode = FALSE
	EndGlobalSection
	GlobalSection(ExtensibilityGlobals) = postSolution
		SolutionGuid = {83AFA655-7189-40D4-A192-B0CA34B26BCD}
	EndGlobalSection
EndGlobal
